
Microsoft Visual Studio Solution File, Format Version 12.00
# Visual Studio Version 17
VisualStudioVersion = 17.9.34728.123
MinimumVisualStudioVersion = 10.0.40219.1
Project("{FAE04EC0-301F-11D3-BF4B-00C04F79EFBC}") = "FakeStoreApp_Task", "FakeStoreApp_Task\FakeStoreApp_Task.csproj", "{A5840994-F3F6-4A21-9726-19B144E8EF1B}"
EndProject
Global
	GlobalSection(SolutionConfigurationPlatforms) = preSolution
		Debug|Any CPU = Debug|Any CPU
		Release|Any CPU = Release|Any CPU
	EndGlobalSection
	GlobalSection(ProjectConfigurationPlatforms) = postSolution
		{A5840994-F3F6-4A21-9726-19B144E8EF1B}.Debug|Any CPU.ActiveCfg = Debug|Any CPU
		{A5840994-F3F6-4A21-9726-19B144E8EF1B}.Debug|Any CPU.Build.0 = Debug|Any CPU
		{A5840994-F3F6-4A21-9726-19B144E8EF1B}.Release|Any CPU.ActiveCfg = Release|Any CPU
		{A5840994-F3F6-4A21-9726-19B144E8EF1B}.Release|Any CPU.Build.0 = Release|Any CPU
	EndGlobalSection
	GlobalSection(SolutionProperties) = preSolution
		HideSolutionNode = FALSE
	EndGlobalSection
	GlobalSection(ExtensibilityGlobals) = postSolution
		SolutionGuid = {FCD6457B-A5DC-49BC-932E-2DC549513465}
	EndGlobalSection
EndGlobal
